
Microsoft Visual Studio Solution File, Format Version 12.00
# Visual Studio Version 16
VisualStudioVersion = 16.0.30611.23
MinimumVisualStudioVersion = 10.0.40219.1
Project("{FAE04EC0-301F-11D3-BF4B-00C04F79EFBC}") = "crypto lab 2", "crypto lab 2.csproj", "{909CEAE2-3E47-4FEC-86D7-CD41C5D5B7EF}"
EndProject
Global
	GlobalSection(SolutionConfigurationPlatforms) = preSolution
		Debug|Any CPU = Debug|Any CPU
		Release|Any CPU = Release|Any CPU
	EndGlobalSection
	GlobalSection(ProjectConfigurationPlatforms) = postSolution
		{909CEAE2-3E47-4FEC-86D7-CD41C5D5B7EF}.Debug|Any CPU.ActiveCfg = Debug|Any CPU
		{909CEAE2-3E47-4FEC-86D7-CD41C5D5B7EF}.Debug|Any CPU.Build.0 = Debug|Any CPU
		{909CEAE2-3E47-4FEC-86D7-CD41C5D5B7EF}.Release|Any CPU.ActiveCfg = Release|Any CPU
		{909CEAE2-3E47-4FEC-86D7-CD41C5D5B7EF}.Release|Any CPU.Build.0 = Release|Any CPU
	EndGlobalSection
	GlobalSection(SolutionProperties) = preSolution
		HideSolutionNode = FALSE
	EndGlobalSection
	GlobalSection(ExtensibilityGlobals) = postSolution
		SolutionGuid = {9D2C1974-0D6C-4B89-B480-A5E41A7BC448}
	EndGlobalSection
EndGlobal
