
Microsoft Visual Studio Solution File, Format Version 12.00
# Visual Studio Version 16
VisualStudioVersion = 16.0.30611.23
MinimumVisualStudioVersion = 10.0.40219.1
Project("{FAE04EC0-301F-11D3-BF4B-00C04F79EFBC}") = "crypto lab5", "crypto lab5.csproj", "{D4CBA473-17AC-4ABD-B91A-2CB49040B7A0}"
EndProject
Global
	GlobalSection(SolutionConfigurationPlatforms) = preSolution
		Debug|Any CPU = Debug|Any CPU
		Release|Any CPU = Release|Any CPU
	EndGlobalSection
	GlobalSection(ProjectConfigurationPlatforms) = postSolution
		{D4CBA473-17AC-4ABD-B91A-2CB49040B7A0}.Debug|Any CPU.ActiveCfg = Debug|Any CPU
		{D4CBA473-17AC-4ABD-B91A-2CB49040B7A0}.Debug|Any CPU.Build.0 = Debug|Any CPU
		{D4CBA473-17AC-4ABD-B91A-2CB49040B7A0}.Release|Any CPU.ActiveCfg = Release|Any CPU
		{D4CBA473-17AC-4ABD-B91A-2CB49040B7A0}.Release|Any CPU.Build.0 = Release|Any CPU
	EndGlobalSection
	GlobalSection(SolutionProperties) = preSolution
		HideSolutionNode = FALSE
	EndGlobalSection
	GlobalSection(ExtensibilityGlobals) = postSolution
		SolutionGuid = {91102B38-F9BF-4813-865F-DD523B00057D}
	EndGlobalSection
EndGlobal
