
Microsoft Visual Studio Solution File, Format Version 12.00
# Visual Studio Version 16
VisualStudioVersion = 16.0.30611.23
MinimumVisualStudioVersion = 10.0.40219.1
Project("{FAE04EC0-301F-11D3-BF4B-00C04F79EFBC}") = "crypto lab8", "crypto lab8.csproj", "{A67646CB-F5C8-4EF3-9F8A-C532AAA3F125}"
EndProject
Global
	GlobalSection(SolutionConfigurationPlatforms) = preSolution
		Debug|Any CPU = Debug|Any CPU
		Release|Any CPU = Release|Any CPU
	EndGlobalSection
	GlobalSection(ProjectConfigurationPlatforms) = postSolution
		{A67646CB-F5C8-4EF3-9F8A-C532AAA3F125}.Debug|Any CPU.ActiveCfg = Debug|Any CPU
		{A67646CB-F5C8-4EF3-9F8A-C532AAA3F125}.Debug|Any CPU.Build.0 = Debug|Any CPU
		{A67646CB-F5C8-4EF3-9F8A-C532AAA3F125}.Release|Any CPU.ActiveCfg = Release|Any CPU
		{A67646CB-F5C8-4EF3-9F8A-C532AAA3F125}.Release|Any CPU.Build.0 = Release|Any CPU
	EndGlobalSection
	GlobalSection(SolutionProperties) = preSolution
		HideSolutionNode = FALSE
	EndGlobalSection
	GlobalSection(ExtensibilityGlobals) = postSolution
		SolutionGuid = {03FEFCDF-F27B-40BD-B957-9339B73DEB93}
	EndGlobalSection
EndGlobal
